
Microsoft Visual Studio Solution File, Format Version 11.00
# Visual Studio 2010
Project("{FAE04EC0-301F-11D3-BF4B-00C04F79EFBC}") = "MvcApplication6", "MvcApplication6\MvcApplication6.csproj", "{B5198070-2A83-4FA3-9DC5-83EC3A7BAFC7}"
EndProject
Global
	GlobalSection(SolutionConfigurationPlatforms) = preSolution
		Debug|Any CPU = Debug|Any CPU
		Release|Any CPU = Release|Any CPU
	EndGlobalSection
	GlobalSection(ProjectConfigurationPlatforms) = postSolution
		{B5198070-2A83-4FA3-9DC5-83EC3A7BAFC7}.Debug|Any CPU.ActiveCfg = Debug|Any CPU
		{B5198070-2A83-4FA3-9DC5-83EC3A7BAFC7}.Debug|Any CPU.Build.0 = Debug|Any CPU
		{B5198070-2A83-4FA3-9DC5-83EC3A7BAFC7}.Release|Any CPU.ActiveCfg = Release|Any CPU
		{B5198070-2A83-4FA3-9DC5-83EC3A7BAFC7}.Release|Any CPU.Build.0 = Release|Any CPU
	EndGlobalSection
	GlobalSection(SolutionProperties) = preSolution
		HideSolutionNode = FALSE
	EndGlobalSection
EndGlobal
